
Microsoft Visual Studio Solution File, Format Version 12.00
# Visual Studio Version 17
VisualStudioVersion = 17.5.33516.290
MinimumVisualStudioVersion = 10.0.40219.1
Project("{FAE04EC0-301F-11D3-BF4B-00C04F79EFBC}") = "FinalProject", "FinalProject.csproj", "{6DC12585-31D9-4F7E-891C-C3A3E2CC293B}"
EndProject
Global
	GlobalSection(SolutionConfigurationPlatforms) = preSolution
		Debug|Any CPU = Debug|Any CPU
		Release|Any CPU = Release|Any CPU
	EndGlobalSection
	GlobalSection(ProjectConfigurationPlatforms) = postSolution
		{6DC12585-31D9-4F7E-891C-C3A3E2CC293B}.Debug|Any CPU.ActiveCfg = Debug|Any CPU
		{6DC12585-31D9-4F7E-891C-C3A3E2CC293B}.Debug|Any CPU.Build.0 = Debug|Any CPU
		{6DC12585-31D9-4F7E-891C-C3A3E2CC293B}.Release|Any CPU.ActiveCfg = Release|Any CPU
		{6DC12585-31D9-4F7E-891C-C3A3E2CC293B}.Release|Any CPU.Build.0 = Release|Any CPU
	EndGlobalSection
	GlobalSection(SolutionProperties) = preSolution
		HideSolutionNode = FALSE
	EndGlobalSection
	GlobalSection(ExtensibilityGlobals) = postSolution
		SolutionGuid = {517B1B31-936E-4B33-989F-3D90353704DF}
	EndGlobalSection
EndGlobal
